{
  "name": "SirSluginston-Site",
  "lockfileVersion": 3,
  "requires": true,
  "packages": {
    "": {
      "dependencies": {
        "sirsluginston-sharedui": "^1.0.1"
      }
    },
    "node_modules/sirsluginston-sharedui": {
      "version": "1.0.1",
      "resolved": "https://registry.npmjs.org/sirsluginston-sharedui/-/sirsluginston-sharedui-1.0.1.tgz",
      "integrity": "sha512-PlhJVB4mLXnL1F0NkIx0VgtGTUx7ZNwdDcU/TZkDleVdzEKJFGSrzpEQpaviIJcU3/ozaEqS4UIKIHdPo77tIA==",
      "license": "MIT"
    }
  }
}
